// !$*UTF8*$!
{
	archiveVersion = 1;
	classes = {
	};
	objectVersion = 55;
	objects = {

/* Begin PBXBuildFile section */
		17F1EA2928001365004038B8 /* FindRouteApp.swift in Sources */ = {isa = PBXBuildFile; fileRef = 17F1EA2828001365004038B8 /* FindRouteApp.swift */; };
		17F1EA2B28001365004038B8 /* ContentView.swift in Sources */ = {isa = PBXBuildFile; fileRef = 17F1EA2A28001365004038B8 /* ContentView.swift */; };
		17F1EA2D28001366004038B8 /* Assets.xcassets in Resources */ = {isa = PBXBuildFile; fileRef = 17F1EA2C28001366004038B8 /* Assets.xcassets */; };
		17F1EA3028001366004038B8 /* Preview Assets.xcassets in Resources */ = {isa = PBXBuildFile; fileRef = 17F1EA2F28001366004038B8 /* Preview Assets.xcassets */; };
		17F1EA3728001732004038B8 /* UtilityView.swift in Sources */ = {isa = PBXBuildFile; fileRef = 17F1EA3628001732004038B8 /* UtilityView.swift */; };
		17F1EA3928006402004038B8 /* UtilityExtentions.swift in Sources */ = {isa = PBXBuildFile; fileRef = 17F1EA3828006402004038B8 /* UtilityExtentions.swift */; };
		17F1EA3D28007CC1004038B8 /* SearchLocationView.swift in Sources */ = {isa = PBXBuildFile; fileRef = 17F1EA3C28007CC1004038B8 /* SearchLocationView.swift */; };
		17F1EA402801255E004038B8 /* SearchViewModel.swift in Sources */ = {isa = PBXBuildFile; fileRef = 17F1EA3F2801255E004038B8 /* SearchViewModel.swift */; };
		17F1EA43280292CB004038B8 /* MapView.swift in Sources */ = {isa = PBXBuildFile; fileRef = 17F1EA42280292CB004038B8 /* MapView.swift */; };
/* End PBXBuildFile section */

/* Begin PBXFileReference section */
		17F1EA2528001365004038B8 /* FindRoute.app */ = {isa = PBXFileReference; explicitFileType = wrapper.application; includeInIndex = 0; path = FindRoute.app; sourceTree = BUILT_PRODUCTS_DIR; };
		17F1EA2828001365004038B8 /* FindRouteApp.swift */ = {isa = PBXFileReference; lastKnownFileType = sourcecode.swift; path = FindRouteApp.swift; sourceTree = "<group>"; };
		17F1EA2A28001365004038B8 /* ContentView.swift */ = {isa = PBXFileReference; lastKnownFileType = sourcecode.swift; path = ContentView.swift; sourceTree = "<group>"; };
		17F1EA2C28001366004038B8 /* Assets.xcassets */ = {isa = PBXFileReference; lastKnownFileType = folder.assetcatalog; path = Assets.xcassets; sourceTree = "<group>"; };
		17F1EA2F28001366004038B8 /* Preview Assets.xcassets */ = {isa = PBXFileReference; lastKnownFileType = folder.assetcatalog; path = "Preview Assets.xcassets"; sourceTree = "<group>"; };
		17F1EA3628001732004038B8 /* UtilityView.swift */ = {isa = PBXFileReference; lastKnownFileType = sourcecode.swift; path = UtilityView.swift; sourceTree = "<group>"; };
		17F1EA3828006402004038B8 /* UtilityExtentions.swift */ = {isa = PBXFileReference; lastKnownFileType = sourcecode.swift; path = UtilityExtentions.swift; sourceTree = "<group>"; };
		17F1EA3C28007CC1004038B8 /* SearchLocationView.swift */ = {isa = PBXFileReference; lastKnownFileType = sourcecode.swift; path = SearchLocationView.swift; sourceTree = "<group>"; };
		17F1EA3F2801255E004038B8 /* SearchViewModel.swift */ = {isa = PBXFileReference; lastKnownFileType = sourcecode.swift; path = SearchViewModel.swift; sourceTree = "<group>"; };
		17F1EA42280292CB004038B8 /* MapView.swift */ = {isa = PBXFileReference; lastKnownFileType = sourcecode.swift; path = MapView.swift; sourceTree = "<group>"; };
/* End PBXFileReference section */

/* Begin PBXFrameworksBuildPhase section */
		17F1EA2228001365004038B8 /* Frameworks */ = {
			isa = PBXFrameworksBuildPhase;
			buildActionMask = 2147483647;
			files = (
			);
			runOnlyForDeploymentPostprocessing = 0;
		};
/* End PBXFrameworksBuildPhase section */

/* Begin PBXGroup section */
		17F1EA1C28001365004038B8 = {
			isa = PBXGroup;
			children = (
				17F1EA2828001365004038B8 /* FindRouteApp.swift */,
				17F1EA2728001365004038B8 /* FindRoute */,
				17F1EA2628001365004038B8 /* Products */,
			);
			sourceTree = "<group>";
		};
		17F1EA2628001365004038B8 /* Products */ = {
			isa = PBXGroup;
			children = (
				17F1EA2528001365004038B8 /* FindRoute.app */,
			);
			name = Products;
			sourceTree = "<group>";
		};
		17F1EA2728001365004038B8 /* FindRoute */ = {
			isa = PBXGroup;
			children = (
				17F1EA3628001732004038B8 /* UtilityView.swift */,
				17F1EA3828006402004038B8 /* UtilityExtentions.swift */,
				17F1EA4128014C6D004038B8 /* ViewModel */,
				17F1EA3E28007CCA004038B8 /* VIew */,
				17F1EA2C28001366004038B8 /* Assets.xcassets */,
				17F1EA2E28001366004038B8 /* Preview Content */,
			);
			path = FindRoute;
			sourceTree = "<group>";
		};
		17F1EA2E28001366004038B8 /* Preview Content */ = {
			isa = PBXGroup;
			children = (
				17F1EA2F28001366004038B8 /* Preview Assets.xcassets */,
			);
			path = "Preview Content";
			sourceTree = "<group>";
		};
		17F1EA3E28007CCA004038B8 /* VIew */ = {
			isa = PBXGroup;
			children = (
				17F1EA2A28001365004038B8 /* ContentView.swift */,
				17F1EA3C28007CC1004038B8 /* SearchLocationView.swift */,
				17F1EA42280292CB004038B8 /* MapView.swift */,
			);
			path = VIew;
			sourceTree = "<group>";
		};
		17F1EA4128014C6D004038B8 /* ViewModel */ = {
			isa = PBXGroup;
			children = (
				17F1EA3F2801255E004038B8 /* SearchViewModel.swift */,
			);
			path = ViewModel;
			sourceTree = "<group>";
		};
/* End PBXGroup section */

/* Begin PBXNativeTarget section */
		17F1EA2428001365004038B8 /* FindRoute */ = {
			isa = PBXNativeTarget;
			buildConfigurationList = 17F1EA3328001366004038B8 /* Build configuration list for PBXNativeTarget "FindRoute" */;
			buildPhases = (
				17F1EA2128001365004038B8 /* Sources */,
				17F1EA2228001365004038B8 /* Frameworks */,
				17F1EA2328001365004038B8 /* Resources */,
			);
			buildRules = (
			);
			dependencies = (
			);
			name = FindRoute;
			productName = FindRoute;
			productReference = 17F1EA2528001365004038B8 /* FindRoute.app */;
			productType = "com.apple.product-type.application";
		};
/* End PBXNativeTarget section */

/* Begin PBXProject section */
		17F1EA1D28001365004038B8 /* Project object */ = {
			isa = PBXProject;
			attributes = {
				BuildIndependentTargetsInParallel = 1;
				LastSwiftUpdateCheck = 1330;
				LastUpgradeCheck = 1330;
				TargetAttributes = {
					17F1EA2428001365004038B8 = {
						CreatedOnToolsVersion = 13.3;
					};
				};
			};
			buildConfigurationList = 17F1EA2028001365004038B8 /* Build configuration list for PBXProject "FindRoute" */;
			compatibilityVersion = "Xcode 13.0";
			developmentRegion = en;
			hasScannedForEncodings = 0;
			knownRegions = (
				en,
				Base,
			);
			mainGroup = 17F1EA1C28001365004038B8;
			productRefGroup = 17F1EA2628001365004038B8 /* Products */;
			projectDirPath = "";
			projectRoot = "";
			targets = (
				17F1EA2428001365004038B8 /* FindRoute */,
			);
		};
/* End PBXProject section */

/* Begin PBXResourcesBuildPhase section */
		17F1EA2328001365004038B8 /* Resources */ = {
			isa = PBXResourcesBuildPhase;
			buildActionMask = 2147483647;
			files = (
				17F1EA3028001366004038B8 /* Preview Assets.xcassets in Resources */,
				17F1EA2D28001366004038B8 /* Assets.xcassets in Resources */,
			);
			runOnlyForDeploymentPostprocessing = 0;
		};
/* End PBXResourcesBuildPhase section */

/* Begin PBXSourcesBuildPhase section */
		17F1EA2128001365004038B8 /* Sources */ = {
			isa = PBXSourcesBuildPhase;
			buildActionMask = 2147483647;
			files = (
				17F1EA43280292CB004038B8 /* MapView.swift in Sources */,
				17F1EA2B28001365004038B8 /* ContentView.swift in Sources */,
				17F1EA402801255E004038B8 /* SearchViewModel.swift in Sources */,
				17F1EA3D28007CC1004038B8 /* SearchLocationView.swift in Sources */,
				17F1EA3728001732004038B8 /* UtilityView.swift in Sources */,
				17F1EA2928001365004038B8 /* FindRouteApp.swift in Sources */,
				17F1EA3928006402004038B8 /* UtilityExtentions.swift in Sources */,
			);
			runOnlyForDeploymentPostprocessing = 0;
		};
/* End PBXSourcesBuildPhase section */

/* Begin XCBuildConfiguration section */
		17F1EA3128001366004038B8 /* Debug */ = {
			isa = XCBuildConfiguration;
			buildSettings = {
				ALWAYS_SEARCH_USER_PATHS = NO;
				CLANG_ANALYZER_NONNULL = YES;
				CLANG_ANALYZER_NUMBER_OBJECT_CONVERSION = YES_AGGRESSIVE;
				CLANG_CXX_LANGUAGE_STANDARD = "gnu++17";
				CLANG_ENABLE_MODULES = YES;
				CLANG_ENABLE_OBJC_ARC = YES;
				CLANG_ENABLE_OBJC_WEAK = YES;
				CLANG_WARN_BLOCK_CAPTURE_AUTORELEASING = YES;
				CLANG_WARN_BOOL_CONVERSION = YES;
				CLANG_WARN_COMMA = YES;
				CLANG_WARN_CONSTANT_CONVERSION = YES;
				CLANG_WARN_DEPRECATED_OBJC_IMPLEMENTATIONS = YES;
				CLANG_WARN_DIRECT_OBJC_ISA_USAGE = YES_ERROR;
				CLANG_WARN_DOCUMENTATION_COMMENTS = YES;
				CLANG_WARN_EMPTY_BODY = YES;
				CLANG_WARN_ENUM_CONVERSION = YES;
				CLANG_WARN_INFINITE_RECURSION = YES;
				CLANG_WARN_INT_CONVERSION = YES;
				CLANG_WARN_NON_LITERAL_NULL_CONVERSION = YES;
				CLANG_WARN_OBJC_IMPLICIT_RETAIN_SELF = YES;
				CLANG_WARN_OBJC_LITERAL_CONVERSION = YES;
				CLANG_WARN_OBJC_ROOT_CLASS = YES_ERROR;
				CLANG_WARN_QUOTED_INCLUDE_IN_FRAMEWORK_HEADER = YES;
				CLANG_WARN_RANGE_LOOP_ANALYSIS = YES;
				CLANG_WARN_STRICT_PROTOTYPES = YES;
				CLANG_WARN_SUSPICIOUS_MOVE = YES;
				CLANG_WARN_UNGUARDED_AVAILABILITY = YES_AGGRESSIVE;
				CLANG_WARN_UNREACHABLE_CODE = YES;
				CLANG_WARN__DUPLICATE_METHOD_MATCH = YES;
				COPY_PHASE_STRIP = NO;
				DEBUG_INFORMATION_FORMAT = dwarf;
				ENABLE_STRICT_OBJC_MSGSEND = YES;
				ENABLE_TESTABILITY = YES;
				GCC_C_LANGUAGE_STANDARD = gnu11;
				GCC_DYNAMIC_NO_PIC = NO;
				GCC_NO_COMMON_BLOCKS = YES;
				GCC_OPTIMIZATION_LEVEL = 0;
				GCC_PREPROCESSOR_DEFINITIONS = (
					"DEBUG=1",
					"$(inherited)",
				);
				GCC_WARN_64_TO_32_BIT_CONVERSION = YES;
				GCC_WARN_ABOUT_RETURN_TYPE = YES_ERROR;
				GCC_WARN_UNDECLARED_SELECTOR = YES;
				GCC_WARN_UNINITIALIZED_AUTOS = YES_AGGRESSIVE;
				GCC_WARN_UNUSED_FUNCTION = YES;
				GCC_WARN_UNUSED_VARIABLE = YES;
				IPHONEOS_DEPLOYMENT_TARGET = 15.0;
				MTL_ENABLE_DEBUG_INFO = INCLUDE_SOURCE;
				MTL_FAST_MATH = YES;
				ONLY_ACTIVE_ARCH = YES;
				SDKROOT = iphoneos;
				SWIFT_ACTIVE_COMPILATION_CONDITIONS = DEBUG;
				SWIFT_OPTIMIZATION_LEVEL = "-Onone";
			};
			name = Debug;
		};
		17F1EA3228001366004038B8 /* Release */ = {
			isa = XCBuildConfiguration;
			buildSettings = {
				ALWAYS_SEARCH_USER_PATHS = NO;
				CLANG_ANALYZER_NONNULL = YES;
				CLANG_ANALYZER_NUMBER_OBJECT_CONVERSION = YES_AGGRESSIVE;
				CLANG_CXX_LANGUAGE_STANDARD = "gnu++17";
				CLANG_ENABLE_MODULES = YES;
				CLANG_ENABLE_OBJC_ARC = YES;
				CLANG_ENABLE_OBJC_WEAK = YES;
				CLANG_WARN_BLOCK_CAPTURE_AUTORELEASING = YES;
				CLANG_WARN_BOOL_CONVERSION = YES;
				CLANG_WARN_COMMA = YES;
				CLANG_WARN_CONSTANT_CONVERSION = YES;
				CLANG_WARN_DEPRECATED_OBJC_IMPLEMENTATIONS = YES;
				CLANG_WARN_DIRECT_OBJC_ISA_USAGE = YES_ERROR;
				CLANG_WARN_DOCUMENTATION_COMMENTS = YES;
				CLANG_WARN_EMPTY_BODY = YES;
				CLANG_WARN_ENUM_CONVERSION = YES;
				CLANG_WARN_INFINITE_RECURSION = YES;
				CLANG_WARN_INT_CONVERSION = YES;
				CLANG_WARN_NON_LITERAL_NULL_CONVERSION = YES;
				CLANG_WARN_OBJC_IMPLICIT_RETAIN_SELF = YES;
				CLANG_WARN_OBJC_LITERAL_CONVERSION = YES;
				CLANG_WARN_OBJC_ROOT_CLASS = YES_ERROR;
				CLANG_WARN_QUOTED_INCLUDE_IN_FRAMEWORK_HEADER = YES;
				CLANG_WARN_RANGE_LOOP_ANALYSIS = YES;
				CLANG_WARN_STRICT_PROTOTYPES = YES;
				CLANG_WARN_SUSPICIOUS_MOVE = YES;
				CLANG_WARN_UNGUARDED_AVAILABILITY = YES_AGGRESSIVE;
				CLANG_WARN_UNREACHABLE_CODE = YES;
				CLANG_WARN__DUPLICATE_METHOD_MATCH = YES;
				COPY_PHASE_STRIP = NO;
				DEBUG_INFORMATION_FORMAT = "dwarf-with-dsym";
				ENABLE_NS_ASSERTIONS = NO;
				ENABLE_STRICT_OBJC_MSGSEND = YES;
				GCC_C_LANGUAGE_STANDARD = gnu11;
				GCC_NO_COMMON_BLOCKS = YES;
				GCC_WARN_64_TO_32_BIT_CONVERSION = YES;
				GCC_WARN_ABOUT_RETURN_TYPE = YES_ERROR;
				GCC_WARN_UNDECLARED_SELECTOR = YES;
				GCC_WARN_UNINITIALIZED_AUTOS = YES_AGGRESSIVE;
				GCC_WARN_UNUSED_FUNCTION = YES;
				GCC_WARN_UNUSED_VARIABLE = YES;
				IPHONEOS_DEPLOYMENT_TARGET = 15.0;
				MTL_ENABLE_DEBUG_INFO = NO;
				MTL_FAST_MATH = YES;
				SDKROOT = iphoneos;
				SWIFT_COMPILATION_MODE = wholemodule;
				SWIFT_OPTIMIZATION_LEVEL = "-O";
				VALIDATE_PRODUCT = YES;
			};
			name = Release;
		};
		17F1EA3428001366004038B8 /* Debug */ = {
			isa = XCBuildConfiguration;
			buildSettings = {
				ASSETCATALOG_COMPILER_APPICON_NAME = AppIcon;
				ASSETCATALOG_COMPILER_GLOBAL_ACCENT_COLOR_NAME = AccentColor;
				CODE_SIGN_STYLE = Automatic;
				CURRENT_PROJECT_VERSION = 1;
				DEVELOPMENT_ASSET_PATHS = "\"FindRoute/Preview Content\"";
				DEVELOPMENT_TEAM = XY2J735A6H;
				ENABLE_PREVIEWS = YES;
				GENERATE_INFOPLIST_FILE = YES;
				INFOPLIST_KEY_NSLocationAlwaysAndWhenInUseUsageDescription = "To make a route need access to location.";
				INFOPLIST_KEY_NSLocationUsageDescription = "To make a route need access to location.";
				INFOPLIST_KEY_NSLocationWhenInUseUsageDescription = "To make a route need access to location.";
				INFOPLIST_KEY_UIApplicationSceneManifest_Generation = YES;
				INFOPLIST_KEY_UIApplicationSupportsIndirectInputEvents = YES;
				INFOPLIST_KEY_UILaunchScreen_Generation = YES;
				INFOPLIST_KEY_UISupportedInterfaceOrientations_iPad = "UIInterfaceOrientationPortrait UIInterfaceOrientationPortraitUpsideDown UIInterfaceOrientationLandscapeLeft UIInterfaceOrientationLandscapeRight";
				INFOPLIST_KEY_UISupportedInterfaceOrientations_iPhone = "UIInterfaceOrientationPortrait UIInterfaceOrientationLandscapeLeft UIInterfaceOrientationLandscapeRight";
				LD_RUNPATH_SEARCH_PATHS = (
					"$(inherited)",
					"@executable_path/Frameworks",
				);
				MARKETING_VERSION = 1.0;
				PRODUCT_BUNDLE_IDENTIFIER = TsaybelDev.FindRoute;
				PRODUCT_NAME = "$(TARGET_NAME)";
				SWIFT_EMIT_LOC_STRINGS = YES;
				SWIFT_VERSION = 5.0;
				TARGETED_DEVICE_FAMILY = "1,2";
			};
			name = Debug;
		};
		17F1EA3528001366004038B8 /* Release */ = {
			isa = XCBuildConfiguration;
			buildSettings = {
				ASSETCATALOG_COMPILER_APPICON_NAME = AppIcon;
				ASSETCATALOG_COMPILER_GLOBAL_ACCENT_COLOR_NAME = AccentColor;
				CODE_SIGN_STYLE = Automatic;
				CURRENT_PROJECT_VERSION = 1;
				DEVELOPMENT_ASSET_PATHS = "\"FindRoute/Preview Content\"";
				DEVELOPMENT_TEAM = XY2J735A6H;
				ENABLE_PREVIEWS = YES;
				GENERATE_INFOPLIST_FILE = YES;
				INFOPLIST_KEY_NSLocationAlwaysAndWhenInUseUsageDescription = "To make a route need access to location.";
				INFOPLIST_KEY_NSLocationUsageDescription = "To make a route need access to location.";
				INFOPLIST_KEY_NSLocationWhenInUseUsageDescription = "To make a route need access to location.";
				INFOPLIST_KEY_UIApplicationSceneManifest_Generation = YES;
				INFOPLIST_KEY_UIApplicationSupportsIndirectInputEvents = YES;
				INFOPLIST_KEY_UILaunchScreen_Generation = YES;
				INFOPLIST_KEY_UISupportedInterfaceOrientations_iPad = "UIInterfaceOrientationPortrait UIInterfaceOrientationPortraitUpsideDown UIInterfaceOrientationLandscapeLeft UIInterfaceOrientationLandscapeRight";
				INFOPLIST_KEY_UISupportedInterfaceOrientations_iPhone = "UIInterfaceOrientationPortrait UIInterfaceOrientationLandscapeLeft UIInterfaceOrientationLandscapeRight";
				LD_RUNPATH_SEARCH_PATHS = (
					"$(inherited)",
					"@executable_path/Frameworks",
				);
				MARKETING_VERSION = 1.0;
				PRODUCT_BUNDLE_IDENTIFIER = TsaybelDev.FindRoute;
				PRODUCT_NAME = "$(TARGET_NAME)";
				SWIFT_EMIT_LOC_STRINGS = YES;
				SWIFT_VERSION = 5.0;
				TARGETED_DEVICE_FAMILY = "1,2";
			};
			name = Release;
		};
/* End XCBuildConfiguration section */

/* Begin XCConfigurationList section */
		17F1EA2028001365004038B8 /* Build configuration list for PBXProject "FindRoute" */ = {
			isa = XCConfigurationList;
			buildConfigurations = (
				17F1EA3128001366004038B8 /* Debug */,
				17F1EA3228001366004038B8 /* Release */,
			);
			defaultConfigurationIsVisible = 0;
			defaultConfigurationName = Release;
		};
		17F1EA3328001366004038B8 /* Build configuration list for PBXNativeTarget "FindRoute" */ = {
			isa = XCConfigurationList;
			buildConfigurations = (
				17F1EA3428001366004038B8 /* Debug */,
				17F1EA3528001366004038B8 /* Release */,
			);
			defaultConfigurationIsVisible = 0;
			defaultConfigurationName = Release;
		};
/* End XCConfigurationList section */
	};
	rootObject = 17F1EA1D28001365004038B8 /* Project object */;
}
